# This file is generated by running "yarn install" inside your project.
# Manual changes might be lost - proceed with caution!

__metadata:
  version: 5
  cacheKey: 8

"@types/prettier@npm:^2":
  version: 2.4.3
  resolution: "@types/prettier@npm:2.4.3"
  checksum: b240434daabac54700c862b0bb52a83fec396e0e9c847447119ba41fd8404d79aadfa174e6306fb094b29efadac586344b7606c3a71c286b71755ab2579d54df
  languageName: node
  linkType: hard

"prettier@npm:^2.5.1":
  version: 2.5.1
  resolution: "prettier@npm:2.5.1"
  bin:
    prettier: bin-prettier.js
  checksum: 21b9408476ea1c544b0e45d51ceb94a84789ff92095abb710942d780c862d0daebdb29972d47f6b4d0f7ebbfb0ffbf56cc2cfa3e3e9d1cca54864af185b15b66
  languageName: node
  linkType: hard

"ril@workspace:.":
  version: 0.0.0-use.local
  resolution: "ril@workspace:."
  dependencies:
    "@types/prettier": ^2
    prettier: ^2.5.1
  languageName: unknown
  linkType: soft
